
Microsoft Visual Studio Solution File, Format Version 12.00
# Visual Studio Version 17
VisualStudioVersion = 17.2.32616.157
MinimumVisualStudioVersion = 10.0.40219.1
Project("{FAE04EC0-301F-11D3-BF4B-00C04F79EFBC}") = "SL_TestAutomationFramework", "SL_TestAutomationFramework\SL_TestAutomationFramework.csproj", "{97E66AB3-E4C4-48BC-8626-C23701AEB967}"
EndProject
Global
	GlobalSection(SolutionConfigurationPlatforms) = preSolution
		Debug|Any CPU = Debug|Any CPU
		Release|Any CPU = Release|Any CPU
	EndGlobalSection
	GlobalSection(ProjectConfigurationPlatforms) = postSolution
		{97E66AB3-E4C4-48BC-8626-C23701AEB967}.Debug|Any CPU.ActiveCfg = Debug|Any CPU
		{97E66AB3-E4C4-48BC-8626-C23701AEB967}.Debug|Any CPU.Build.0 = Debug|Any CPU
		{97E66AB3-E4C4-48BC-8626-C23701AEB967}.Release|Any CPU.ActiveCfg = Release|Any CPU
		{97E66AB3-E4C4-48BC-8626-C23701AEB967}.Release|Any CPU.Build.0 = Release|Any CPU
	EndGlobalSection
	GlobalSection(SolutionProperties) = preSolution
		HideSolutionNode = FALSE
	EndGlobalSection
	GlobalSection(ExtensibilityGlobals) = postSolution
		SolutionGuid = {2AE767C9-D04A-4AEE-9AF9-01BE3CEDB730}
	EndGlobalSection
EndGlobal
