
Microsoft Visual Studio Solution File, Format Version 12.00
# Visual Studio Version 17
VisualStudioVersion = 17.5.33424.131
MinimumVisualStudioVersion = 10.0.40219.1
Project("{FAE04EC0-301F-11D3-BF4B-00C04F79EFBC}") = "Calculator_BDD", "Calculator_BDD\Calculator_BDD.csproj", "{C8389C28-5B64-40D7-8C4A-B392A1562494}"
EndProject
Project("{FAE04EC0-301F-11D3-BF4B-00C04F79EFBC}") = "CalculatorLib", "ClassLibrary1\CalculatorLib.csproj", "{4C630782-89F1-41A1-A193-12B28C283956}"
EndProject
Global
	GlobalSection(SolutionConfigurationPlatforms) = preSolution
		Debug|Any CPU = Debug|Any CPU
		Release|Any CPU = Release|Any CPU
	EndGlobalSection
	GlobalSection(ProjectConfigurationPlatforms) = postSolution
		{C8389C28-5B64-40D7-8C4A-B392A1562494}.Debug|Any CPU.ActiveCfg = Debug|Any CPU
		{C8389C28-5B64-40D7-8C4A-B392A1562494}.Debug|Any CPU.Build.0 = Debug|Any CPU
		{C8389C28-5B64-40D7-8C4A-B392A1562494}.Release|Any CPU.ActiveCfg = Release|Any CPU
		{C8389C28-5B64-40D7-8C4A-B392A1562494}.Release|Any CPU.Build.0 = Release|Any CPU
		{4C630782-89F1-41A1-A193-12B28C283956}.Debug|Any CPU.ActiveCfg = Debug|Any CPU
		{4C630782-89F1-41A1-A193-12B28C283956}.Debug|Any CPU.Build.0 = Debug|Any CPU
		{4C630782-89F1-41A1-A193-12B28C283956}.Release|Any CPU.ActiveCfg = Release|Any CPU
		{4C630782-89F1-41A1-A193-12B28C283956}.Release|Any CPU.Build.0 = Release|Any CPU
	EndGlobalSection
	GlobalSection(SolutionProperties) = preSolution
		HideSolutionNode = FALSE
	EndGlobalSection
	GlobalSection(ExtensibilityGlobals) = postSolution
		SolutionGuid = {D5E029BE-ED33-43CE-BB02-7F4E90E7F07E}
	EndGlobalSection
EndGlobal
